
Microsoft Visual Studio Solution File, Format Version 12.00
# Visual Studio Version 16
VisualStudioVersion = 25.0.1704.2
MinimumVisualStudioVersion = 10.0.40219.1
Project("{FAE04EC0-301F-11D3-BF4B-00C04F79EFBC}") = "Sample", "Sample.csproj", "{5136DBA0-6781-4EB4-8DC7-EE5FA279A161}"
EndProject
Global
	GlobalSection(SolutionConfigurationPlatforms) = preSolution
		Debug|Any CPU = Debug|Any CPU
		Release|Any CPU = Release|Any CPU
	EndGlobalSection
	GlobalSection(ProjectConfigurationPlatforms) = postSolution
		{5136DBA0-6781-4EB4-8DC7-EE5FA279A161}.Debug|Any CPU.ActiveCfg = Debug|Any CPU
		{5136DBA0-6781-4EB4-8DC7-EE5FA279A161}.Debug|Any CPU.Build.0 = Debug|Any CPU
		{5136DBA0-6781-4EB4-8DC7-EE5FA279A161}.Release|Any CPU.ActiveCfg = Release|Any CPU
		{5136DBA0-6781-4EB4-8DC7-EE5FA279A161}.Release|Any CPU.Build.0 = Release|Any CPU
	EndGlobalSection
	GlobalSection(SolutionProperties) = preSolution
		HideSolutionNode = FALSE
	EndGlobalSection
	GlobalSection(ExtensibilityGlobals) = postSolution
		SolutionGuid = {1F7A1D3C-03AA-41D3-914A-1E7B4378E51A}
	EndGlobalSection
EndGlobal
